{
  "name": "dedukti-editor",
  "version": "0.2.1",
  "lockfileVersion": 1,
  "requires": true,
  "dependencies": {
    "@types/atom": {
      "version": "1.27.0",
      "resolved": "https://registry.npmjs.org/@types/atom/-/atom-1.27.0.tgz",
      "integrity": "sha512-5bTFsIp9BLcV7wx4dTceaXUcAVtAoTlHFVeIE1zh6heoQR/XAMhU0BgVAk8sNkenoEuguKwzo1W4BcwiyFZN2w==",
      "requires": {
        "@types/node": "8.10.19"
      }
    },
    "@types/node": {
      "version": "8.10.19",
      "resolved": "https://registry.npmjs.org/@types/node/-/node-8.10.19.tgz",
      "integrity": "sha512-+PU57o6DtOSx0/algmxgCwWrmCiomwC/K+LPfXonT0tQMbNTjHEqVzwL9dFEhFoPmLFIiSWjRorLH6Z0hJMT+Q=="
    },
    "atom-languageclient": {
      "version": "0.9.5",
      "resolved": "https://registry.npmjs.org/atom-languageclient/-/atom-languageclient-0.9.5.tgz",
      "integrity": "sha512-m69UBVbWlpWzGpbIdS5glP2H8iwPjGLHUjFBtCdLYQinRwZMPHYBfTgzf/ji2Dp27v9F9La3OIIr3mVxBcvOkA==",
      "requires": {
        "@types/atom": "1.27.0",
        "@types/node": "8.10.19",
        "fuzzaldrin-plus": "0.6.0",
        "vscode-jsonrpc": "3.6.2",
        "vscode-languageserver-protocol": "3.6.0-next.5",
        "vscode-languageserver-types": "3.8.2"
      }
    },
    "child_process": {
      "version": "1.0.2",
      "resolved": "https://registry.npmjs.org/child_process/-/child_process-1.0.2.tgz",
      "integrity": "sha1-sffn/HPSXn/R1FWtyU4UODAYK1o="
    },
    "fuzzaldrin-plus": {
      "version": "0.6.0",
      "resolved": "https://registry.npmjs.org/fuzzaldrin-plus/-/fuzzaldrin-plus-0.6.0.tgz",
      "integrity": "sha1-gy9kifvodnaUWVmckUpnDsIpR+4="
    },
    "vscode-jsonrpc": {
      "version": "3.6.2",
      "resolved": "https://registry.npmjs.org/vscode-jsonrpc/-/vscode-jsonrpc-3.6.2.tgz",
      "integrity": "sha512-T24Jb5V48e4VgYliUXMnZ379ItbrXgOimweKaJshD84z+8q7ZOZjJan0MeDe+Ugb+uqERDVV8SBmemaGMSMugA=="
    },
    "vscode-languageserver-protocol": {
      "version": "3.6.0-next.5",
      "resolved": "https://registry.npmjs.org/vscode-languageserver-protocol/-/vscode-languageserver-protocol-3.6.0-next.5.tgz",
      "integrity": "sha512-pfu6A4VHDnLn+/UryZc0TKRUl63FdIFMTng27kOER1xk2yXDlqVenQX//8s1Veb0xVGATKITiFKIvUIl037mtg==",
      "requires": {
        "vscode-jsonrpc": "3.6.2",
        "vscode-languageserver-types": "3.8.2"
      }
    },
    "vscode-languageserver-types": {
      "version": "3.8.2",
      "resolved": "https://registry.npmjs.org/vscode-languageserver-types/-/vscode-languageserver-types-3.8.2.tgz",
      "integrity": "sha512-2RMkyt1O1czGPCnkjKZWSio2D8oh3XlQ4zi4W2xL8q2Dvi4hB3/DEt+wYyzo4hmE2ZFP0RB8PXyzHyed7p1hbw=="
    }
  }
}
