{
  "name": "dedukti-editor",
  "version": "0.1.1",
  "lockfileVersion": 1,
  "requires": true,
  "dependencies": {
    "json-parse-safe": {
      "version": "1.0.5",
      "resolved": "https://registry.npmjs.org/json-parse-safe/-/json-parse-safe-1.0.5.tgz",
      "integrity": "sha512-bA4Wieq0+zN+onjNQh/p0NrCg6w8GUGDbvQ6MBVuBI+XGCg/CQfg5hVFHp7080+zrSJbTxNvQxZ61ENtmb1pYg=="
    },
    "node-cmd": {
      "version": "3.0.0",
      "resolved": "https://registry.npmjs.org/node-cmd/-/node-cmd-3.0.0.tgz",
      "integrity": "sha1-OP/3CkqqT2WdID61eGJzcBjiT28="
    }
  }
}
